
Microsoft Visual Studio Solution File, Format Version 12.00
# Visual Studio Version 16
VisualStudioVersion = 16.0.31005.135
MinimumVisualStudioVersion = 10.0.40219.1
Project("{9A19103F-16F7-4668-BE54-9A1E7A4F7556}") = "WebApplication", "WebApplication\WebApplication.csproj", "{1E6603E9-6D37-470E-9374-57FB5EFF27E4}"
EndProject
Project("{9A19103F-16F7-4668-BE54-9A1E7A4F7556}") = "Model", "Model\Model.csproj", "{8AAB8844-225E-46E9-9183-7914D6E6D520}"
EndProject
Project("{9A19103F-16F7-4668-BE54-9A1E7A4F7556}") = "Data", "Data\Data.csproj", "{62CD5E2C-801D-44CB-816B-668DDBF1A0F6}"
EndProject
Project("{FAE04EC0-301F-11D3-BF4B-00C04F79EFBC}") = "TestApp", "TestApp\TestApp.csproj", "{7CBF13D4-8E87-4A98-B4BB-AE0EF375FD6E}"
EndProject
Global
	GlobalSection(SolutionConfigurationPlatforms) = preSolution
		Debug|Any CPU = Debug|Any CPU
		Release|Any CPU = Release|Any CPU
	EndGlobalSection
	GlobalSection(ProjectConfigurationPlatforms) = postSolution
		{1E6603E9-6D37-470E-9374-57FB5EFF27E4}.Debug|Any CPU.ActiveCfg = Debug|Any CPU
		{1E6603E9-6D37-470E-9374-57FB5EFF27E4}.Debug|Any CPU.Build.0 = Debug|Any CPU
		{1E6603E9-6D37-470E-9374-57FB5EFF27E4}.Release|Any CPU.ActiveCfg = Release|Any CPU
		{1E6603E9-6D37-470E-9374-57FB5EFF27E4}.Release|Any CPU.Build.0 = Release|Any CPU
		{8AAB8844-225E-46E9-9183-7914D6E6D520}.Debug|Any CPU.ActiveCfg = Debug|Any CPU
		{8AAB8844-225E-46E9-9183-7914D6E6D520}.Debug|Any CPU.Build.0 = Debug|Any CPU
		{8AAB8844-225E-46E9-9183-7914D6E6D520}.Release|Any CPU.ActiveCfg = Release|Any CPU
		{8AAB8844-225E-46E9-9183-7914D6E6D520}.Release|Any CPU.Build.0 = Release|Any CPU
		{62CD5E2C-801D-44CB-816B-668DDBF1A0F6}.Debug|Any CPU.ActiveCfg = Debug|Any CPU
		{62CD5E2C-801D-44CB-816B-668DDBF1A0F6}.Debug|Any CPU.Build.0 = Debug|Any CPU
		{62CD5E2C-801D-44CB-816B-668DDBF1A0F6}.Release|Any CPU.ActiveCfg = Release|Any CPU
		{62CD5E2C-801D-44CB-816B-668DDBF1A0F6}.Release|Any CPU.Build.0 = Release|Any CPU
		{7CBF13D4-8E87-4A98-B4BB-AE0EF375FD6E}.Debug|Any CPU.ActiveCfg = Debug|Any CPU
		{7CBF13D4-8E87-4A98-B4BB-AE0EF375FD6E}.Debug|Any CPU.Build.0 = Debug|Any CPU
		{7CBF13D4-8E87-4A98-B4BB-AE0EF375FD6E}.Release|Any CPU.ActiveCfg = Release|Any CPU
		{7CBF13D4-8E87-4A98-B4BB-AE0EF375FD6E}.Release|Any CPU.Build.0 = Release|Any CPU
	EndGlobalSection
	GlobalSection(SolutionProperties) = preSolution
		HideSolutionNode = FALSE
	EndGlobalSection
	GlobalSection(ExtensibilityGlobals) = postSolution
		SolutionGuid = {7EE31A3D-5FDB-4012-9BED-50CE2F9103CF}
	EndGlobalSection
EndGlobal
